
Microsoft Visual Studio Solution File, Format Version 12.00
# Visual Studio Version 17
VisualStudioVersion = 17.12.35506.116
MinimumVisualStudioVersion = 10.0.40219.1
Project("{FAE04EC0-301F-11D3-BF4B-00C04F79EFBC}") = "EasyPipeline", "EasyPipeline\EasyPipeline.csproj", "{8DEC57B9-C699-4D2C-9BE8-DF20A5F4EA48}"
EndProject
Project("{2150E333-8FDC-42A3-9474-1A3956D46DE8}") = "Samples", "Samples", "{260C3C6E-6021-457F-8031-01FCF6018E7F}"
EndProject
Project("{FAE04EC0-301F-11D3-BF4B-00C04F79EFBC}") = "EasyPipeline.Validate", "..\samples\EasyPipeline.Validate\EasyPipeline.Validate.csproj", "{BAA5FFEC-0299-4233-AE94-0E6352A0F3EA}"
EndProject
Project("{FAE04EC0-301F-11D3-BF4B-00C04F79EFBC}") = "EasyPipeline.Aggregate", "..\samples\EasyPipeline.Aggregate\EasyPipeline.Aggregate.csproj", "{9CAEE6E1-4274-4789-ABEC-5E263B0F611B}"
EndProject
Project("{FAE04EC0-301F-11D3-BF4B-00C04F79EFBC}") = "EasyPipeline.Logging", "..\samples\EasyPipeline.Logging\EasyPipeline.Logging.csproj", "{38041217-65D4-4857-ABB9-FC7EF68F0FA0}"
EndProject
Project("{FAE04EC0-301F-11D3-BF4B-00C04F79EFBC}") = "EasyPipeline.Cache", "..\samples\EasyPipeline.Cache\EasyPipeline.Cache.csproj", "{DE68E955-6B53-45B5-BC19-0DC61EEF82F5}"
EndProject
Project("{FAE04EC0-301F-11D3-BF4B-00C04F79EFBC}") = "EasyPipeline.Notification", "..\samples\EasyPipeline.Notification\EasyPipeline.Notification.csproj", "{C7106E03-1B2B-4079-9991-76CD9C1C3879}"
EndProject
Project("{FAE04EC0-301F-11D3-BF4B-00C04F79EFBC}") = "EasyPipeline.Discount", "..\samples\EasyPipeline.Discount\EasyPipeline.Discount.csproj", "{BB105557-AF39-4AC4-B0DD-F84FF5D10F90}"
EndProject
Global
	GlobalSection(SolutionConfigurationPlatforms) = preSolution
		Debug|Any CPU = Debug|Any CPU
		Release|Any CPU = Release|Any CPU
	EndGlobalSection
	GlobalSection(ProjectConfigurationPlatforms) = postSolution
		{8DEC57B9-C699-4D2C-9BE8-DF20A5F4EA48}.Debug|Any CPU.ActiveCfg = Debug|Any CPU
		{8DEC57B9-C699-4D2C-9BE8-DF20A5F4EA48}.Debug|Any CPU.Build.0 = Debug|Any CPU
		{8DEC57B9-C699-4D2C-9BE8-DF20A5F4EA48}.Release|Any CPU.ActiveCfg = Release|Any CPU
		{8DEC57B9-C699-4D2C-9BE8-DF20A5F4EA48}.Release|Any CPU.Build.0 = Release|Any CPU
		{BAA5FFEC-0299-4233-AE94-0E6352A0F3EA}.Debug|Any CPU.ActiveCfg = Debug|Any CPU
		{BAA5FFEC-0299-4233-AE94-0E6352A0F3EA}.Debug|Any CPU.Build.0 = Debug|Any CPU
		{BAA5FFEC-0299-4233-AE94-0E6352A0F3EA}.Release|Any CPU.ActiveCfg = Release|Any CPU
		{BAA5FFEC-0299-4233-AE94-0E6352A0F3EA}.Release|Any CPU.Build.0 = Release|Any CPU
		{9CAEE6E1-4274-4789-ABEC-5E263B0F611B}.Debug|Any CPU.ActiveCfg = Debug|Any CPU
		{9CAEE6E1-4274-4789-ABEC-5E263B0F611B}.Debug|Any CPU.Build.0 = Debug|Any CPU
		{9CAEE6E1-4274-4789-ABEC-5E263B0F611B}.Release|Any CPU.ActiveCfg = Release|Any CPU
		{9CAEE6E1-4274-4789-ABEC-5E263B0F611B}.Release|Any CPU.Build.0 = Release|Any CPU
		{38041217-65D4-4857-ABB9-FC7EF68F0FA0}.Debug|Any CPU.ActiveCfg = Debug|Any CPU
		{38041217-65D4-4857-ABB9-FC7EF68F0FA0}.Debug|Any CPU.Build.0 = Debug|Any CPU
		{38041217-65D4-4857-ABB9-FC7EF68F0FA0}.Release|Any CPU.ActiveCfg = Release|Any CPU
		{38041217-65D4-4857-ABB9-FC7EF68F0FA0}.Release|Any CPU.Build.0 = Release|Any CPU
		{DE68E955-6B53-45B5-BC19-0DC61EEF82F5}.Debug|Any CPU.ActiveCfg = Debug|Any CPU
		{DE68E955-6B53-45B5-BC19-0DC61EEF82F5}.Debug|Any CPU.Build.0 = Debug|Any CPU
		{DE68E955-6B53-45B5-BC19-0DC61EEF82F5}.Release|Any CPU.ActiveCfg = Release|Any CPU
		{DE68E955-6B53-45B5-BC19-0DC61EEF82F5}.Release|Any CPU.Build.0 = Release|Any CPU
		{C7106E03-1B2B-4079-9991-76CD9C1C3879}.Debug|Any CPU.ActiveCfg = Debug|Any CPU
		{C7106E03-1B2B-4079-9991-76CD9C1C3879}.Debug|Any CPU.Build.0 = Debug|Any CPU
		{C7106E03-1B2B-4079-9991-76CD9C1C3879}.Release|Any CPU.ActiveCfg = Release|Any CPU
		{C7106E03-1B2B-4079-9991-76CD9C1C3879}.Release|Any CPU.Build.0 = Release|Any CPU
		{BB105557-AF39-4AC4-B0DD-F84FF5D10F90}.Debug|Any CPU.ActiveCfg = Debug|Any CPU
		{BB105557-AF39-4AC4-B0DD-F84FF5D10F90}.Debug|Any CPU.Build.0 = Debug|Any CPU
		{BB105557-AF39-4AC4-B0DD-F84FF5D10F90}.Release|Any CPU.ActiveCfg = Release|Any CPU
		{BB105557-AF39-4AC4-B0DD-F84FF5D10F90}.Release|Any CPU.Build.0 = Release|Any CPU
	EndGlobalSection
	GlobalSection(SolutionProperties) = preSolution
		HideSolutionNode = FALSE
	EndGlobalSection
	GlobalSection(NestedProjects) = preSolution
		{BAA5FFEC-0299-4233-AE94-0E6352A0F3EA} = {260C3C6E-6021-457F-8031-01FCF6018E7F}
		{9CAEE6E1-4274-4789-ABEC-5E263B0F611B} = {260C3C6E-6021-457F-8031-01FCF6018E7F}
		{38041217-65D4-4857-ABB9-FC7EF68F0FA0} = {260C3C6E-6021-457F-8031-01FCF6018E7F}
		{DE68E955-6B53-45B5-BC19-0DC61EEF82F5} = {260C3C6E-6021-457F-8031-01FCF6018E7F}
		{C7106E03-1B2B-4079-9991-76CD9C1C3879} = {260C3C6E-6021-457F-8031-01FCF6018E7F}
		{BB105557-AF39-4AC4-B0DD-F84FF5D10F90} = {260C3C6E-6021-457F-8031-01FCF6018E7F}
	EndGlobalSection
EndGlobal
